
Microsoft Visual Studio Solution File, Format Version 12.00
Project("{FAE04EC0-301F-11D3-BF4B-00C04F79EFBC}") = "SoundProcessor", "SoundProcessor\SoundProcessor.csproj", "{57EDBBB2-15CE-49A0-BCF8-ECC2BC922230}"
EndProject
Global
	GlobalSection(SolutionConfigurationPlatforms) = preSolution
		Debug|Any CPU = Debug|Any CPU
		Release|Any CPU = Release|Any CPU
	EndGlobalSection
	GlobalSection(ProjectConfigurationPlatforms) = postSolution
		{57EDBBB2-15CE-49A0-BCF8-ECC2BC922230}.Debug|Any CPU.ActiveCfg = Debug|Any CPU
		{57EDBBB2-15CE-49A0-BCF8-ECC2BC922230}.Debug|Any CPU.Build.0 = Debug|Any CPU
		{57EDBBB2-15CE-49A0-BCF8-ECC2BC922230}.Release|Any CPU.ActiveCfg = Release|Any CPU
		{57EDBBB2-15CE-49A0-BCF8-ECC2BC922230}.Release|Any CPU.Build.0 = Release|Any CPU
	EndGlobalSection
EndGlobal
